// !$*UTF8*$!
{
	archiveVersion = 1;
	classes = {
	};
	objectVersion = 55;
	objects = {

/* Begin PBXBuildFile section */
		0941B570C5F6D375F145726B /* Pods_WatchMovieTests.framework in Frameworks */ = {isa = PBXBuildFile; fileRef = 7812059CD76DEBCFE2ECFC97 /* Pods_WatchMovieTests.framework */; };
		33791CD2CAAD6061F63FA043 /* Pods_WatchMovie_WatchMovieUITests.framework in Frameworks */ = {isa = PBXBuildFile; fileRef = D86C2CDA3DCFB070CB24D78C /* Pods_WatchMovie_WatchMovieUITests.framework */; };
		700C384036C4AC1F0E068FC7 /* Pods_WatchMovie.framework in Frameworks */ = {isa = PBXBuildFile; fileRef = 26F510C41D0C482376466605 /* Pods_WatchMovie.framework */; };
		8280F70D28DD9C7900010202 /* AppDelegate.swift in Sources */ = {isa = PBXBuildFile; fileRef = 8280F70C28DD9C7900010202 /* AppDelegate.swift */; };
		8280F70F28DD9C7900010202 /* SceneDelegate.swift in Sources */ = {isa = PBXBuildFile; fileRef = 8280F70E28DD9C7900010202 /* SceneDelegate.swift */; };
		8280F71628DD9C7C00010202 /* Assets.xcassets in Resources */ = {isa = PBXBuildFile; fileRef = 8280F71528DD9C7C00010202 /* Assets.xcassets */; };
		8280F71928DD9C7C00010202 /* LaunchScreen.storyboard in Resources */ = {isa = PBXBuildFile; fileRef = 8280F71728DD9C7C00010202 /* LaunchScreen.storyboard */; };
		8280F72428DD9C7D00010202 /* WatchMovieTests.swift in Sources */ = {isa = PBXBuildFile; fileRef = 8280F72328DD9C7D00010202 /* WatchMovieTests.swift */; };
		8280F72E28DD9C7D00010202 /* WatchMovieUITests.swift in Sources */ = {isa = PBXBuildFile; fileRef = 8280F72D28DD9C7D00010202 /* WatchMovieUITests.swift */; };
		8280F73028DD9C7D00010202 /* WatchMovieUITestsLaunchTests.swift in Sources */ = {isa = PBXBuildFile; fileRef = 8280F72F28DD9C7D00010202 /* WatchMovieUITestsLaunchTests.swift */; };
		8280F73D28DDAF2400010202 /* HTTPClient.swift in Sources */ = {isa = PBXBuildFile; fileRef = 8280F73C28DDAF2400010202 /* HTTPClient.swift */; };
		8280F74028DDAF7900010202 /* URLSessionHTTPClient.swift in Sources */ = {isa = PBXBuildFile; fileRef = 8280F73F28DDAF7900010202 /* URLSessionHTTPClient.swift */; };
		8280F74228DDAF9700010202 /* DTO.swift in Sources */ = {isa = PBXBuildFile; fileRef = 8280F74128DDAF9700010202 /* DTO.swift */; };
		8280F74428DDAFAF00010202 /* GenericDecoder.swift in Sources */ = {isa = PBXBuildFile; fileRef = 8280F74328DDAFAF00010202 /* GenericDecoder.swift */; };
		8280F74628DDAFD900010202 /* NetworkingServiceError.swift in Sources */ = {isa = PBXBuildFile; fileRef = 8280F74528DDAFD900010202 /* NetworkingServiceError.swift */; };
		8280F74828DDB53100010202 /* MovieDependencies.swift in Sources */ = {isa = PBXBuildFile; fileRef = 8280F74728DDB53100010202 /* MovieDependencies.swift */; };
		8280F74F28DDBD0600010202 /* MostPopularData.swift in Sources */ = {isa = PBXBuildFile; fileRef = 8280F74E28DDBD0600010202 /* MostPopularData.swift */; };
		8280F75128DDBD4400010202 /* MostPopularDataDetail.swift in Sources */ = {isa = PBXBuildFile; fileRef = 8280F75028DDBD4400010202 /* MostPopularDataDetail.swift */; };
		8280F75328DDBE6B00010202 /* AppServiceProtocol.swift in Sources */ = {isa = PBXBuildFile; fileRef = 8280F75228DDBE6B00010202 /* AppServiceProtocol.swift */; };
		8280F75628DDC38700010202 /* AppManagerProtocol.swift in Sources */ = {isa = PBXBuildFile; fileRef = 8280F75528DDC38700010202 /* AppManagerProtocol.swift */; };
		8280F75A28DDC83600010202 /* HomeViewController.swift in Sources */ = {isa = PBXBuildFile; fileRef = 8280F75928DDC83600010202 /* HomeViewController.swift */; };
		8280F75D28DDC86100010202 /* HomeViewControllerViewModel.swift in Sources */ = {isa = PBXBuildFile; fileRef = 8280F75C28DDC86100010202 /* HomeViewControllerViewModel.swift */; };
		82ACB09528E731F9004FA32E /* MovieCollectionViewCell.swift in Sources */ = {isa = PBXBuildFile; fileRef = 82ACB09428E731F9004FA32E /* MovieCollectionViewCell.swift */; };
/* End PBXBuildFile section */

/* Begin PBXContainerItemProxy section */
		8280F72028DD9C7D00010202 /* PBXContainerItemProxy */ = {
			isa = PBXContainerItemProxy;
			containerPortal = 8280F70128DD9C7900010202 /* Project object */;
			proxyType = 1;
			remoteGlobalIDString = 8280F70828DD9C7900010202;
			remoteInfo = WatchMovie;
		};
		8280F72A28DD9C7D00010202 /* PBXContainerItemProxy */ = {
			isa = PBXContainerItemProxy;
			containerPortal = 8280F70128DD9C7900010202 /* Project object */;
			proxyType = 1;
			remoteGlobalIDString = 8280F70828DD9C7900010202;
			remoteInfo = WatchMovie;
		};
/* End PBXContainerItemProxy section */

/* Begin PBXFileReference section */
		0511FAB3DB1510582793ACCE /* Pods-WatchMovie.release.xcconfig */ = {isa = PBXFileReference; includeInIndex = 1; lastKnownFileType = text.xcconfig; name = "Pods-WatchMovie.release.xcconfig"; path = "Target Support Files/Pods-WatchMovie/Pods-WatchMovie.release.xcconfig"; sourceTree = "<group>"; };
		06EA60413ACCECF18D3A7A77 /* Pods-WatchMovie-WatchMovieUITests.release.xcconfig */ = {isa = PBXFileReference; includeInIndex = 1; lastKnownFileType = text.xcconfig; name = "Pods-WatchMovie-WatchMovieUITests.release.xcconfig"; path = "Target Support Files/Pods-WatchMovie-WatchMovieUITests/Pods-WatchMovie-WatchMovieUITests.release.xcconfig"; sourceTree = "<group>"; };
		18FDC56DE2014D13DF334E55 /* Pods-WatchMovie-WatchMovieUITests.debug.xcconfig */ = {isa = PBXFileReference; includeInIndex = 1; lastKnownFileType = text.xcconfig; name = "Pods-WatchMovie-WatchMovieUITests.debug.xcconfig"; path = "Target Support Files/Pods-WatchMovie-WatchMovieUITests/Pods-WatchMovie-WatchMovieUITests.debug.xcconfig"; sourceTree = "<group>"; };
		26F510C41D0C482376466605 /* Pods_WatchMovie.framework */ = {isa = PBXFileReference; explicitFileType = wrapper.framework; includeInIndex = 0; path = Pods_WatchMovie.framework; sourceTree = BUILT_PRODUCTS_DIR; };
		4A843A1195156365F0A7C47C /* Pods-WatchMovieTests.debug.xcconfig */ = {isa = PBXFileReference; includeInIndex = 1; lastKnownFileType = text.xcconfig; name = "Pods-WatchMovieTests.debug.xcconfig"; path = "Target Support Files/Pods-WatchMovieTests/Pods-WatchMovieTests.debug.xcconfig"; sourceTree = "<group>"; };
		7812059CD76DEBCFE2ECFC97 /* Pods_WatchMovieTests.framework */ = {isa = PBXFileReference; explicitFileType = wrapper.framework; includeInIndex = 0; path = Pods_WatchMovieTests.framework; sourceTree = BUILT_PRODUCTS_DIR; };
		8280F70928DD9C7900010202 /* WatchMovie.app */ = {isa = PBXFileReference; explicitFileType = wrapper.application; includeInIndex = 0; path = WatchMovie.app; sourceTree = BUILT_PRODUCTS_DIR; };
		8280F70C28DD9C7900010202 /* AppDelegate.swift */ = {isa = PBXFileReference; lastKnownFileType = sourcecode.swift; path = AppDelegate.swift; sourceTree = "<group>"; };
		8280F70E28DD9C7900010202 /* SceneDelegate.swift */ = {isa = PBXFileReference; lastKnownFileType = sourcecode.swift; path = SceneDelegate.swift; sourceTree = "<group>"; };
		8280F71528DD9C7C00010202 /* Assets.xcassets */ = {isa = PBXFileReference; lastKnownFileType = folder.assetcatalog; path = Assets.xcassets; sourceTree = "<group>"; };
		8280F71828DD9C7C00010202 /* Base */ = {isa = PBXFileReference; lastKnownFileType = file.storyboard; name = Base; path = Base.lproj/LaunchScreen.storyboard; sourceTree = "<group>"; };
		8280F71A28DD9C7C00010202 /* Info.plist */ = {isa = PBXFileReference; lastKnownFileType = text.plist.xml; path = Info.plist; sourceTree = "<group>"; };
		8280F71F28DD9C7D00010202 /* WatchMovieTests.xctest */ = {isa = PBXFileReference; explicitFileType = wrapper.cfbundle; includeInIndex = 0; path = WatchMovieTests.xctest; sourceTree = BUILT_PRODUCTS_DIR; };
		8280F72328DD9C7D00010202 /* WatchMovieTests.swift */ = {isa = PBXFileReference; lastKnownFileType = sourcecode.swift; path = WatchMovieTests.swift; sourceTree = "<group>"; };
		8280F72928DD9C7D00010202 /* WatchMovieUITests.xctest */ = {isa = PBXFileReference; explicitFileType = wrapper.cfbundle; includeInIndex = 0; path = WatchMovieUITests.xctest; sourceTree = BUILT_PRODUCTS_DIR; };
		8280F72D28DD9C7D00010202 /* WatchMovieUITests.swift */ = {isa = PBXFileReference; lastKnownFileType = sourcecode.swift; path = WatchMovieUITests.swift; sourceTree = "<group>"; };
		8280F72F28DD9C7D00010202 /* WatchMovieUITestsLaunchTests.swift */ = {isa = PBXFileReference; lastKnownFileType = sourcecode.swift; path = WatchMovieUITestsLaunchTests.swift; sourceTree = "<group>"; };
		8280F73C28DDAF2400010202 /* HTTPClient.swift */ = {isa = PBXFileReference; lastKnownFileType = sourcecode.swift; path = HTTPClient.swift; sourceTree = "<group>"; };
		8280F73F28DDAF7900010202 /* URLSessionHTTPClient.swift */ = {isa = PBXFileReference; lastKnownFileType = sourcecode.swift; path = URLSessionHTTPClient.swift; sourceTree = "<group>"; };
		8280F74128DDAF9700010202 /* DTO.swift */ = {isa = PBXFileReference; lastKnownFileType = sourcecode.swift; path = DTO.swift; sourceTree = "<group>"; };
		8280F74328DDAFAF00010202 /* GenericDecoder.swift */ = {isa = PBXFileReference; lastKnownFileType = sourcecode.swift; path = GenericDecoder.swift; sourceTree = "<group>"; };
		8280F74528DDAFD900010202 /* NetworkingServiceError.swift */ = {isa = PBXFileReference; lastKnownFileType = sourcecode.swift; path = NetworkingServiceError.swift; sourceTree = "<group>"; };
		8280F74728DDB53100010202 /* MovieDependencies.swift */ = {isa = PBXFileReference; lastKnownFileType = sourcecode.swift; path = MovieDependencies.swift; sourceTree = "<group>"; };
		8280F74E28DDBD0600010202 /* MostPopularData.swift */ = {isa = PBXFileReference; lastKnownFileType = sourcecode.swift; path = MostPopularData.swift; sourceTree = "<group>"; };
		8280F75028DDBD4400010202 /* MostPopularDataDetail.swift */ = {isa = PBXFileReference; lastKnownFileType = sourcecode.swift; path = MostPopularDataDetail.swift; sourceTree = "<group>"; };
		8280F75228DDBE6B00010202 /* AppServiceProtocol.swift */ = {isa = PBXFileReference; lastKnownFileType = sourcecode.swift; path = AppServiceProtocol.swift; sourceTree = "<group>"; };
		8280F75528DDC38700010202 /* AppManagerProtocol.swift */ = {isa = PBXFileReference; lastKnownFileType = sourcecode.swift; path = AppManagerProtocol.swift; sourceTree = "<group>"; };
		8280F75928DDC83600010202 /* HomeViewController.swift */ = {isa = PBXFileReference; lastKnownFileType = sourcecode.swift; path = HomeViewController.swift; sourceTree = "<group>"; };
		8280F75C28DDC86100010202 /* HomeViewControllerViewModel.swift */ = {isa = PBXFileReference; lastKnownFileType = sourcecode.swift; path = HomeViewControllerViewModel.swift; sourceTree = "<group>"; };
		82ACB09428E731F9004FA32E /* MovieCollectionViewCell.swift */ = {isa = PBXFileReference; lastKnownFileType = sourcecode.swift; path = MovieCollectionViewCell.swift; sourceTree = "<group>"; };
		8992D454A88C3BD871ABFC3C /* Pods-WatchMovie.debug.xcconfig */ = {isa = PBXFileReference; includeInIndex = 1; lastKnownFileType = text.xcconfig; name = "Pods-WatchMovie.debug.xcconfig"; path = "Target Support Files/Pods-WatchMovie/Pods-WatchMovie.debug.xcconfig"; sourceTree = "<group>"; };
		B311FF61CB03880D4369D2C5 /* Pods-WatchMovieTests.release.xcconfig */ = {isa = PBXFileReference; includeInIndex = 1; lastKnownFileType = text.xcconfig; name = "Pods-WatchMovieTests.release.xcconfig"; path = "Target Support Files/Pods-WatchMovieTests/Pods-WatchMovieTests.release.xcconfig"; sourceTree = "<group>"; };
		D86C2CDA3DCFB070CB24D78C /* Pods_WatchMovie_WatchMovieUITests.framework */ = {isa = PBXFileReference; explicitFileType = wrapper.framework; includeInIndex = 0; path = Pods_WatchMovie_WatchMovieUITests.framework; sourceTree = BUILT_PRODUCTS_DIR; };
/* End PBXFileReference section */

/* Begin PBXFrameworksBuildPhase section */
		8280F70628DD9C7900010202 /* Frameworks */ = {
			isa = PBXFrameworksBuildPhase;
			buildActionMask = 2147483647;
			files = (
				700C384036C4AC1F0E068FC7 /* Pods_WatchMovie.framework in Frameworks */,
			);
			runOnlyForDeploymentPostprocessing = 0;
		};
		8280F71C28DD9C7D00010202 /* Frameworks */ = {
			isa = PBXFrameworksBuildPhase;
			buildActionMask = 2147483647;
			files = (
				0941B570C5F6D375F145726B /* Pods_WatchMovieTests.framework in Frameworks */,
			);
			runOnlyForDeploymentPostprocessing = 0;
		};
		8280F72628DD9C7D00010202 /* Frameworks */ = {
			isa = PBXFrameworksBuildPhase;
			buildActionMask = 2147483647;
			files = (
				33791CD2CAAD6061F63FA043 /* Pods_WatchMovie_WatchMovieUITests.framework in Frameworks */,
			);
			runOnlyForDeploymentPostprocessing = 0;
		};
/* End PBXFrameworksBuildPhase section */

/* Begin PBXGroup section */
		02DEFA7DCA3050685A65C662 /* Pods */ = {
			isa = PBXGroup;
			children = (
				8992D454A88C3BD871ABFC3C /* Pods-WatchMovie.debug.xcconfig */,
				0511FAB3DB1510582793ACCE /* Pods-WatchMovie.release.xcconfig */,
				18FDC56DE2014D13DF334E55 /* Pods-WatchMovie-WatchMovieUITests.debug.xcconfig */,
				06EA60413ACCECF18D3A7A77 /* Pods-WatchMovie-WatchMovieUITests.release.xcconfig */,
				4A843A1195156365F0A7C47C /* Pods-WatchMovieTests.debug.xcconfig */,
				B311FF61CB03880D4369D2C5 /* Pods-WatchMovieTests.release.xcconfig */,
			);
			path = Pods;
			sourceTree = "<group>";
		};
		8280F70028DD9C7900010202 = {
			isa = PBXGroup;
			children = (
				8280F70B28DD9C7900010202 /* WatchMovie */,
				8280F72228DD9C7D00010202 /* WatchMovieTests */,
				8280F72C28DD9C7D00010202 /* WatchMovieUITests */,
				8280F70A28DD9C7900010202 /* Products */,
				02DEFA7DCA3050685A65C662 /* Pods */,
				8861978C1C5AC7FDD5EB5A88 /* Frameworks */,
			);
			sourceTree = "<group>";
		};
		8280F70A28DD9C7900010202 /* Products */ = {
			isa = PBXGroup;
			children = (
				8280F70928DD9C7900010202 /* WatchMovie.app */,
				8280F71F28DD9C7D00010202 /* WatchMovieTests.xctest */,
				8280F72928DD9C7D00010202 /* WatchMovieUITests.xctest */,
			);
			name = Products;
			sourceTree = "<group>";
		};
		8280F70B28DD9C7900010202 /* WatchMovie */ = {
			isa = PBXGroup;
			children = (
				8280F70C28DD9C7900010202 /* AppDelegate.swift */,
				8280F70E28DD9C7900010202 /* SceneDelegate.swift */,
				8280F74928DDB53700010202 /* CompositonRoot */,
				8280F73E28DDAF4900010202 /* Networking */,
				8280F74C28DDBC9700010202 /* Data */,
				8280F75F28DDECB400010202 /* Business */,
				8280F75428DDC2E200010202 /* Presentation */,
				8280F71528DD9C7C00010202 /* Assets.xcassets */,
				8280F71728DD9C7C00010202 /* LaunchScreen.storyboard */,
				8280F71A28DD9C7C00010202 /* Info.plist */,
			);
			path = WatchMovie;
			sourceTree = "<group>";
		};
		8280F72228DD9C7D00010202 /* WatchMovieTests */ = {
			isa = PBXGroup;
			children = (
				8280F72328DD9C7D00010202 /* WatchMovieTests.swift */,
			);
			path = WatchMovieTests;
			sourceTree = "<group>";
		};
		8280F72C28DD9C7D00010202 /* WatchMovieUITests */ = {
			isa = PBXGroup;
			children = (
				8280F72D28DD9C7D00010202 /* WatchMovieUITests.swift */,
				8280F72F28DD9C7D00010202 /* WatchMovieUITestsLaunchTests.swift */,
			);
			path = WatchMovieUITests;
			sourceTree = "<group>";
		};
		8280F73E28DDAF4900010202 /* Networking */ = {
			isa = PBXGroup;
			children = (
				8280F73C28DDAF2400010202 /* HTTPClient.swift */,
				8280F73F28DDAF7900010202 /* URLSessionHTTPClient.swift */,
				8280F74128DDAF9700010202 /* DTO.swift */,
				8280F74328DDAFAF00010202 /* GenericDecoder.swift */,
				8280F74528DDAFD900010202 /* NetworkingServiceError.swift */,
			);
			path = Networking;
			sourceTree = "<group>";
		};
		8280F74928DDB53700010202 /* CompositonRoot */ = {
			isa = PBXGroup;
			children = (
				8280F74728DDB53100010202 /* MovieDependencies.swift */,
			);
			path = CompositonRoot;
			sourceTree = "<group>";
		};
		8280F74C28DDBC9700010202 /* Data */ = {
			isa = PBXGroup;
			children = (
				8280F74D28DDBCC000010202 /* Model */,
			);
			path = Data;
			sourceTree = "<group>";
		};
		8280F74D28DDBCC000010202 /* Model */ = {
			isa = PBXGroup;
			children = (
				8280F74E28DDBD0600010202 /* MostPopularData.swift */,
				8280F75028DDBD4400010202 /* MostPopularDataDetail.swift */,
			);
			path = Model;
			sourceTree = "<group>";
		};
		8280F75428DDC2E200010202 /* Presentation */ = {
			isa = PBXGroup;
			children = (
				8280F75828DDC7FB00010202 /* Home */,
			);
			path = Presentation;
			sourceTree = "<group>";
		};
		8280F75828DDC7FB00010202 /* Home */ = {
			isa = PBXGroup;
			children = (
				8280F75E28DDC86C00010202 /* ViewModel */,
				8280F75B28DDC84600010202 /* View */,
			);
			path = Home;
			sourceTree = "<group>";
		};
		8280F75B28DDC84600010202 /* View */ = {
			isa = PBXGroup;
			children = (
				8280F75928DDC83600010202 /* HomeViewController.swift */,
				82ACB09428E731F9004FA32E /* MovieCollectionViewCell.swift */,
			);
			path = View;
			sourceTree = "<group>";
		};
		8280F75E28DDC86C00010202 /* ViewModel */ = {
			isa = PBXGroup;
			children = (
				8280F75C28DDC86100010202 /* HomeViewControllerViewModel.swift */,
			);
			path = ViewModel;
			sourceTree = "<group>";
		};
		8280F75F28DDECB400010202 /* Business */ = {
			isa = PBXGroup;
			children = (
				8280F75228DDBE6B00010202 /* AppServiceProtocol.swift */,
				8280F75528DDC38700010202 /* AppManagerProtocol.swift */,
			);
			path = Business;
			sourceTree = "<group>";
		};
		8861978C1C5AC7FDD5EB5A88 /* Frameworks */ = {
			isa = PBXGroup;
			children = (
				26F510C41D0C482376466605 /* Pods_WatchMovie.framework */,
				D86C2CDA3DCFB070CB24D78C /* Pods_WatchMovie_WatchMovieUITests.framework */,
				7812059CD76DEBCFE2ECFC97 /* Pods_WatchMovieTests.framework */,
			);
			name = Frameworks;
			sourceTree = "<group>";
		};
/* End PBXGroup section */

/* Begin PBXNativeTarget section */
		8280F70828DD9C7900010202 /* WatchMovie */ = {
			isa = PBXNativeTarget;
			buildConfigurationList = 8280F73328DD9C7D00010202 /* Build configuration list for PBXNativeTarget "WatchMovie" */;
			buildPhases = (
				65399E4DDCB31CD4D92243A9 /* [CP] Check Pods Manifest.lock */,
				8280F70528DD9C7900010202 /* Sources */,
				8280F70628DD9C7900010202 /* Frameworks */,
				8280F70728DD9C7900010202 /* Resources */,
			);
			buildRules = (
			);
			dependencies = (
			);
			name = WatchMovie;
			productName = WatchMovie;
			productReference = 8280F70928DD9C7900010202 /* WatchMovie.app */;
			productType = "com.apple.product-type.application";
		};
		8280F71E28DD9C7D00010202 /* WatchMovieTests */ = {
			isa = PBXNativeTarget;
			buildConfigurationList = 8280F73628DD9C7D00010202 /* Build configuration list for PBXNativeTarget "WatchMovieTests" */;
			buildPhases = (
				4FCE9C878F9676A3C3D57430 /* [CP] Check Pods Manifest.lock */,
				8280F71B28DD9C7D00010202 /* Sources */,
				8280F71C28DD9C7D00010202 /* Frameworks */,
				8280F71D28DD9C7D00010202 /* Resources */,
			);
			buildRules = (
			);
			dependencies = (
				8280F72128DD9C7D00010202 /* PBXTargetDependency */,
			);
			name = WatchMovieTests;
			productName = WatchMovieTests;
			productReference = 8280F71F28DD9C7D00010202 /* WatchMovieTests.xctest */;
			productType = "com.apple.product-type.bundle.unit-test";
		};
		8280F72828DD9C7D00010202 /* WatchMovieUITests */ = {
			isa = PBXNativeTarget;
			buildConfigurationList = 8280F73928DD9C7D00010202 /* Build configuration list for PBXNativeTarget "WatchMovieUITests" */;
			buildPhases = (
				E9B0C93A17F63EC96D502108 /* [CP] Check Pods Manifest.lock */,
				8280F72528DD9C7D00010202 /* Sources */,
				8280F72628DD9C7D00010202 /* Frameworks */,
				8280F72728DD9C7D00010202 /* Resources */,
			);
			buildRules = (
			);
			dependencies = (
				8280F72B28DD9C7D00010202 /* PBXTargetDependency */,
			);
			name = WatchMovieUITests;
			productName = WatchMovieUITests;
			productReference = 8280F72928DD9C7D00010202 /* WatchMovieUITests.xctest */;
			productType = "com.apple.product-type.bundle.ui-testing";
		};
/* End PBXNativeTarget section */

/* Begin PBXProject section */
		8280F70128DD9C7900010202 /* Project object */ = {
			isa = PBXProject;
			attributes = {
				BuildIndependentTargetsInParallel = 1;
				LastSwiftUpdateCheck = 1340;
				LastUpgradeCheck = 1340;
				TargetAttributes = {
					8280F70828DD9C7900010202 = {
						CreatedOnToolsVersion = 13.4.1;
					};
					8280F71E28DD9C7D00010202 = {
						CreatedOnToolsVersion = 13.4.1;
						TestTargetID = 8280F70828DD9C7900010202;
					};
					8280F72828DD9C7D00010202 = {
						CreatedOnToolsVersion = 13.4.1;
						TestTargetID = 8280F70828DD9C7900010202;
					};
				};
			};
			buildConfigurationList = 8280F70428DD9C7900010202 /* Build configuration list for PBXProject "WatchMovie" */;
			compatibilityVersion = "Xcode 13.0";
			developmentRegion = en;
			hasScannedForEncodings = 0;
			knownRegions = (
				en,
				Base,
			);
			mainGroup = 8280F70028DD9C7900010202;
			productRefGroup = 8280F70A28DD9C7900010202 /* Products */;
			projectDirPath = "";
			projectRoot = "";
			targets = (
				8280F70828DD9C7900010202 /* WatchMovie */,
				8280F71E28DD9C7D00010202 /* WatchMovieTests */,
				8280F72828DD9C7D00010202 /* WatchMovieUITests */,
			);
		};
/* End PBXProject section */

/* Begin PBXResourcesBuildPhase section */
		8280F70728DD9C7900010202 /* Resources */ = {
			isa = PBXResourcesBuildPhase;
			buildActionMask = 2147483647;
			files = (
				8280F71928DD9C7C00010202 /* LaunchScreen.storyboard in Resources */,
				8280F71628DD9C7C00010202 /* Assets.xcassets in Resources */,
			);
			runOnlyForDeploymentPostprocessing = 0;
		};
		8280F71D28DD9C7D00010202 /* Resources */ = {
			isa = PBXResourcesBuildPhase;
			buildActionMask = 2147483647;
			files = (
			);
			runOnlyForDeploymentPostprocessing = 0;
		};
		8280F72728DD9C7D00010202 /* Resources */ = {
			isa = PBXResourcesBuildPhase;
			buildActionMask = 2147483647;
			files = (
			);
			runOnlyForDeploymentPostprocessing = 0;
		};
/* End PBXResourcesBuildPhase section */

/* Begin PBXShellScriptBuildPhase section */
		4FCE9C878F9676A3C3D57430 /* [CP] Check Pods Manifest.lock */ = {
			isa = PBXShellScriptBuildPhase;
			buildActionMask = 2147483647;
			files = (
			);
			inputFileListPaths = (
			);
			inputPaths = (
				"${PODS_PODFILE_DIR_PATH}/Podfile.lock",
				"${PODS_ROOT}/Manifest.lock",
			);
			name = "[CP] Check Pods Manifest.lock";
			outputFileListPaths = (
			);
			outputPaths = (
				"$(DERIVED_FILE_DIR)/Pods-WatchMovieTests-checkManifestLockResult.txt",
			);
			runOnlyForDeploymentPostprocessing = 0;
			shellPath = /bin/sh;
			shellScript = "diff \"${PODS_PODFILE_DIR_PATH}/Podfile.lock\" \"${PODS_ROOT}/Manifest.lock\" > /dev/null\nif [ $? != 0 ] ; then\n    # print error to STDERR\n    echo \"error: The sandbox is not in sync with the Podfile.lock. Run 'pod install' or update your CocoaPods installation.\" >&2\n    exit 1\nfi\n# This output is used by Xcode 'outputs' to avoid re-running this script phase.\necho \"SUCCESS\" > \"${SCRIPT_OUTPUT_FILE_0}\"\n";
			showEnvVarsInLog = 0;
		};
		65399E4DDCB31CD4D92243A9 /* [CP] Check Pods Manifest.lock */ = {
			isa = PBXShellScriptBuildPhase;
			buildActionMask = 2147483647;
			files = (
			);
			inputFileListPaths = (
			);
			inputPaths = (
				"${PODS_PODFILE_DIR_PATH}/Podfile.lock",
				"${PODS_ROOT}/Manifest.lock",
			);
			name = "[CP] Check Pods Manifest.lock";
			outputFileListPaths = (
			);
			outputPaths = (
				"$(DERIVED_FILE_DIR)/Pods-WatchMovie-checkManifestLockResult.txt",
			);
			runOnlyForDeploymentPostprocessing = 0;
			shellPath = /bin/sh;
			shellScript = "diff \"${PODS_PODFILE_DIR_PATH}/Podfile.lock\" \"${PODS_ROOT}/Manifest.lock\" > /dev/null\nif [ $? != 0 ] ; then\n    # print error to STDERR\n    echo \"error: The sandbox is not in sync with the Podfile.lock. Run 'pod install' or update your CocoaPods installation.\" >&2\n    exit 1\nfi\n# This output is used by Xcode 'outputs' to avoid re-running this script phase.\necho \"SUCCESS\" > \"${SCRIPT_OUTPUT_FILE_0}\"\n";
			showEnvVarsInLog = 0;
		};
		E9B0C93A17F63EC96D502108 /* [CP] Check Pods Manifest.lock */ = {
			isa = PBXShellScriptBuildPhase;
			buildActionMask = 2147483647;
			files = (
			);
			inputFileListPaths = (
			);
			inputPaths = (
				"${PODS_PODFILE_DIR_PATH}/Podfile.lock",
				"${PODS_ROOT}/Manifest.lock",
			);
			name = "[CP] Check Pods Manifest.lock";
			outputFileListPaths = (
			);
			outputPaths = (
				"$(DERIVED_FILE_DIR)/Pods-WatchMovie-WatchMovieUITests-checkManifestLockResult.txt",
			);
			runOnlyForDeploymentPostprocessing = 0;
			shellPath = /bin/sh;
			shellScript = "diff \"${PODS_PODFILE_DIR_PATH}/Podfile.lock\" \"${PODS_ROOT}/Manifest.lock\" > /dev/null\nif [ $? != 0 ] ; then\n    # print error to STDERR\n    echo \"error: The sandbox is not in sync with the Podfile.lock. Run 'pod install' or update your CocoaPods installation.\" >&2\n    exit 1\nfi\n# This output is used by Xcode 'outputs' to avoid re-running this script phase.\necho \"SUCCESS\" > \"${SCRIPT_OUTPUT_FILE_0}\"\n";
			showEnvVarsInLog = 0;
		};
/* End PBXShellScriptBuildPhase section */

/* Begin PBXSourcesBuildPhase section */
		8280F70528DD9C7900010202 /* Sources */ = {
			isa = PBXSourcesBuildPhase;
			buildActionMask = 2147483647;
			files = (
				8280F74428DDAFAF00010202 /* GenericDecoder.swift in Sources */,
				8280F74628DDAFD900010202 /* NetworkingServiceError.swift in Sources */,
				8280F74028DDAF7900010202 /* URLSessionHTTPClient.swift in Sources */,
				8280F70D28DD9C7900010202 /* AppDelegate.swift in Sources */,
				8280F74228DDAF9700010202 /* DTO.swift in Sources */,
				8280F75A28DDC83600010202 /* HomeViewController.swift in Sources */,
				8280F74F28DDBD0600010202 /* MostPopularData.swift in Sources */,
				8280F75128DDBD4400010202 /* MostPopularDataDetail.swift in Sources */,
				8280F73D28DDAF2400010202 /* HTTPClient.swift in Sources */,
				8280F74828DDB53100010202 /* MovieDependencies.swift in Sources */,
				8280F75628DDC38700010202 /* AppManagerProtocol.swift in Sources */,
				8280F70F28DD9C7900010202 /* SceneDelegate.swift in Sources */,
				82ACB09528E731F9004FA32E /* MovieCollectionViewCell.swift in Sources */,
				8280F75D28DDC86100010202 /* HomeViewControllerViewModel.swift in Sources */,
				8280F75328DDBE6B00010202 /* AppServiceProtocol.swift in Sources */,
			);
			runOnlyForDeploymentPostprocessing = 0;
		};
		8280F71B28DD9C7D00010202 /* Sources */ = {
			isa = PBXSourcesBuildPhase;
			buildActionMask = 2147483647;
			files = (
				8280F72428DD9C7D00010202 /* WatchMovieTests.swift in Sources */,
			);
			runOnlyForDeploymentPostprocessing = 0;
		};
		8280F72528DD9C7D00010202 /* Sources */ = {
			isa = PBXSourcesBuildPhase;
			buildActionMask = 2147483647;
			files = (
				8280F72E28DD9C7D00010202 /* WatchMovieUITests.swift in Sources */,
				8280F73028DD9C7D00010202 /* WatchMovieUITestsLaunchTests.swift in Sources */,
			);
			runOnlyForDeploymentPostprocessing = 0;
		};
/* End PBXSourcesBuildPhase section */

/* Begin PBXTargetDependency section */
		8280F72128DD9C7D00010202 /* PBXTargetDependency */ = {
			isa = PBXTargetDependency;
			target = 8280F70828DD9C7900010202 /* WatchMovie */;
			targetProxy = 8280F72028DD9C7D00010202 /* PBXContainerItemProxy */;
		};
		8280F72B28DD9C7D00010202 /* PBXTargetDependency */ = {
			isa = PBXTargetDependency;
			target = 8280F70828DD9C7900010202 /* WatchMovie */;
			targetProxy = 8280F72A28DD9C7D00010202 /* PBXContainerItemProxy */;
		};
/* End PBXTargetDependency section */

/* Begin PBXVariantGroup section */
		8280F71728DD9C7C00010202 /* LaunchScreen.storyboard */ = {
			isa = PBXVariantGroup;
			children = (
				8280F71828DD9C7C00010202 /* Base */,
			);
			name = LaunchScreen.storyboard;
			sourceTree = "<group>";
		};
/* End PBXVariantGroup section */

/* Begin XCBuildConfiguration section */
		8280F73128DD9C7D00010202 /* Debug */ = {
			isa = XCBuildConfiguration;
			buildSettings = {
				ALWAYS_SEARCH_USER_PATHS = NO;
				CLANG_ANALYZER_NONNULL = YES;
				CLANG_ANALYZER_NUMBER_OBJECT_CONVERSION = YES_AGGRESSIVE;
				CLANG_CXX_LANGUAGE_STANDARD = "gnu++17";
				CLANG_ENABLE_MODULES = YES;
				CLANG_ENABLE_OBJC_ARC = YES;
				CLANG_ENABLE_OBJC_WEAK = YES;
				CLANG_WARN_BLOCK_CAPTURE_AUTORELEASING = YES;
				CLANG_WARN_BOOL_CONVERSION = YES;
				CLANG_WARN_COMMA = YES;
				CLANG_WARN_CONSTANT_CONVERSION = YES;
				CLANG_WARN_DEPRECATED_OBJC_IMPLEMENTATIONS = YES;
				CLANG_WARN_DIRECT_OBJC_ISA_USAGE = YES_ERROR;
				CLANG_WARN_DOCUMENTATION_COMMENTS = YES;
				CLANG_WARN_EMPTY_BODY = YES;
				CLANG_WARN_ENUM_CONVERSION = YES;
				CLANG_WARN_INFINITE_RECURSION = YES;
				CLANG_WARN_INT_CONVERSION = YES;
				CLANG_WARN_NON_LITERAL_NULL_CONVERSION = YES;
				CLANG_WARN_OBJC_IMPLICIT_RETAIN_SELF = YES;
				CLANG_WARN_OBJC_LITERAL_CONVERSION = YES;
				CLANG_WARN_OBJC_ROOT_CLASS = YES_ERROR;
				CLANG_WARN_QUOTED_INCLUDE_IN_FRAMEWORK_HEADER = YES;
				CLANG_WARN_RANGE_LOOP_ANALYSIS = YES;
				CLANG_WARN_STRICT_PROTOTYPES = YES;
				CLANG_WARN_SUSPICIOUS_MOVE = YES;
				CLANG_WARN_UNGUARDED_AVAILABILITY = YES_AGGRESSIVE;
				CLANG_WARN_UNREACHABLE_CODE = YES;
				CLANG_WARN__DUPLICATE_METHOD_MATCH = YES;
				COPY_PHASE_STRIP = NO;
				DEBUG_INFORMATION_FORMAT = dwarf;
				ENABLE_STRICT_OBJC_MSGSEND = YES;
				ENABLE_TESTABILITY = YES;
				GCC_C_LANGUAGE_STANDARD = gnu11;
				GCC_DYNAMIC_NO_PIC = NO;
				GCC_NO_COMMON_BLOCKS = YES;
				GCC_OPTIMIZATION_LEVEL = 0;
				GCC_PREPROCESSOR_DEFINITIONS = (
					"DEBUG=1",
					"$(inherited)",
				);
				GCC_WARN_64_TO_32_BIT_CONVERSION = YES;
				GCC_WARN_ABOUT_RETURN_TYPE = YES_ERROR;
				GCC_WARN_UNDECLARED_SELECTOR = YES;
				GCC_WARN_UNINITIALIZED_AUTOS = YES_AGGRESSIVE;
				GCC_WARN_UNUSED_FUNCTION = YES;
				GCC_WARN_UNUSED_VARIABLE = YES;
				IPHONEOS_DEPLOYMENT_TARGET = 15.5;
				MTL_ENABLE_DEBUG_INFO = INCLUDE_SOURCE;
				MTL_FAST_MATH = YES;
				ONLY_ACTIVE_ARCH = YES;
				SDKROOT = iphoneos;
				SWIFT_ACTIVE_COMPILATION_CONDITIONS = DEBUG;
				SWIFT_OPTIMIZATION_LEVEL = "-Onone";
			};
			name = Debug;
		};
		8280F73228DD9C7D00010202 /* Release */ = {
			isa = XCBuildConfiguration;
			buildSettings = {
				ALWAYS_SEARCH_USER_PATHS = NO;
				CLANG_ANALYZER_NONNULL = YES;
				CLANG_ANALYZER_NUMBER_OBJECT_CONVERSION = YES_AGGRESSIVE;
				CLANG_CXX_LANGUAGE_STANDARD = "gnu++17";
				CLANG_ENABLE_MODULES = YES;
				CLANG_ENABLE_OBJC_ARC = YES;
				CLANG_ENABLE_OBJC_WEAK = YES;
				CLANG_WARN_BLOCK_CAPTURE_AUTORELEASING = YES;
				CLANG_WARN_BOOL_CONVERSION = YES;
				CLANG_WARN_COMMA = YES;
				CLANG_WARN_CONSTANT_CONVERSION = YES;
				CLANG_WARN_DEPRECATED_OBJC_IMPLEMENTATIONS = YES;
				CLANG_WARN_DIRECT_OBJC_ISA_USAGE = YES_ERROR;
				CLANG_WARN_DOCUMENTATION_COMMENTS = YES;
				CLANG_WARN_EMPTY_BODY = YES;
				CLANG_WARN_ENUM_CONVERSION = YES;
				CLANG_WARN_INFINITE_RECURSION = YES;
				CLANG_WARN_INT_CONVERSION = YES;
				CLANG_WARN_NON_LITERAL_NULL_CONVERSION = YES;
				CLANG_WARN_OBJC_IMPLICIT_RETAIN_SELF = YES;
				CLANG_WARN_OBJC_LITERAL_CONVERSION = YES;
				CLANG_WARN_OBJC_ROOT_CLASS = YES_ERROR;
				CLANG_WARN_QUOTED_INCLUDE_IN_FRAMEWORK_HEADER = YES;
				CLANG_WARN_RANGE_LOOP_ANALYSIS = YES;
				CLANG_WARN_STRICT_PROTOTYPES = YES;
				CLANG_WARN_SUSPICIOUS_MOVE = YES;
				CLANG_WARN_UNGUARDED_AVAILABILITY = YES_AGGRESSIVE;
				CLANG_WARN_UNREACHABLE_CODE = YES;
				CLANG_WARN__DUPLICATE_METHOD_MATCH = YES;
				COPY_PHASE_STRIP = NO;
				DEBUG_INFORMATION_FORMAT = "dwarf-with-dsym";
				ENABLE_NS_ASSERTIONS = NO;
				ENABLE_STRICT_OBJC_MSGSEND = YES;
				GCC_C_LANGUAGE_STANDARD = gnu11;
				GCC_NO_COMMON_BLOCKS = YES;
				GCC_WARN_64_TO_32_BIT_CONVERSION = YES;
				GCC_WARN_ABOUT_RETURN_TYPE = YES_ERROR;
				GCC_WARN_UNDECLARED_SELECTOR = YES;
				GCC_WARN_UNINITIALIZED_AUTOS = YES_AGGRESSIVE;
				GCC_WARN_UNUSED_FUNCTION = YES;
				GCC_WARN_UNUSED_VARIABLE = YES;
				IPHONEOS_DEPLOYMENT_TARGET = 15.5;
				MTL_ENABLE_DEBUG_INFO = NO;
				MTL_FAST_MATH = YES;
				SDKROOT = iphoneos;
				SWIFT_COMPILATION_MODE = wholemodule;
				SWIFT_OPTIMIZATION_LEVEL = "-O";
				VALIDATE_PRODUCT = YES;
			};
			name = Release;
		};
		8280F73428DD9C7D00010202 /* Debug */ = {
			isa = XCBuildConfiguration;
			baseConfigurationReference = 8992D454A88C3BD871ABFC3C /* Pods-WatchMovie.debug.xcconfig */;
			buildSettings = {
				ASSETCATALOG_COMPILER_APPICON_NAME = AppIcon;
				ASSETCATALOG_COMPILER_GLOBAL_ACCENT_COLOR_NAME = AccentColor;
				CODE_SIGN_STYLE = Automatic;
				CURRENT_PROJECT_VERSION = 1;
				DEVELOPMENT_TEAM = 5T788DKPH5;
				GENERATE_INFOPLIST_FILE = YES;
				INFOPLIST_FILE = WatchMovie/Info.plist;
				INFOPLIST_KEY_UIApplicationSupportsIndirectInputEvents = YES;
				INFOPLIST_KEY_UILaunchStoryboardName = LaunchScreen;
				INFOPLIST_KEY_UISupportedInterfaceOrientations_iPad = "UIInterfaceOrientationPortrait UIInterfaceOrientationPortraitUpsideDown UIInterfaceOrientationLandscapeLeft UIInterfaceOrientationLandscapeRight";
				INFOPLIST_KEY_UISupportedInterfaceOrientations_iPhone = "UIInterfaceOrientationPortrait UIInterfaceOrientationLandscapeLeft UIInterfaceOrientationLandscapeRight";
				LD_RUNPATH_SEARCH_PATHS = (
					"$(inherited)",
					"@executable_path/Frameworks",
				);
				MARKETING_VERSION = 1.0;
				PRODUCT_BUNDLE_IDENTIFIER = Mobelite.WatchMovie;
				PRODUCT_NAME = "$(TARGET_NAME)";
				SWIFT_EMIT_LOC_STRINGS = YES;
				SWIFT_VERSION = 5.0;
				TARGETED_DEVICE_FAMILY = "1,2";
			};
			name = Debug;
		};
		8280F73528DD9C7D00010202 /* Release */ = {
			isa = XCBuildConfiguration;
			baseConfigurationReference = 0511FAB3DB1510582793ACCE /* Pods-WatchMovie.release.xcconfig */;
			buildSettings = {
				ASSETCATALOG_COMPILER_APPICON_NAME = AppIcon;
				ASSETCATALOG_COMPILER_GLOBAL_ACCENT_COLOR_NAME = AccentColor;
				CODE_SIGN_STYLE = Automatic;
				CURRENT_PROJECT_VERSION = 1;
				DEVELOPMENT_TEAM = 5T788DKPH5;
				GENERATE_INFOPLIST_FILE = YES;
				INFOPLIST_FILE = WatchMovie/Info.plist;
				INFOPLIST_KEY_UIApplicationSupportsIndirectInputEvents = YES;
				INFOPLIST_KEY_UILaunchStoryboardName = LaunchScreen;
				INFOPLIST_KEY_UISupportedInterfaceOrientations_iPad = "UIInterfaceOrientationPortrait UIInterfaceOrientationPortraitUpsideDown UIInterfaceOrientationLandscapeLeft UIInterfaceOrientationLandscapeRight";
				INFOPLIST_KEY_UISupportedInterfaceOrientations_iPhone = "UIInterfaceOrientationPortrait UIInterfaceOrientationLandscapeLeft UIInterfaceOrientationLandscapeRight";
				LD_RUNPATH_SEARCH_PATHS = (
					"$(inherited)",
					"@executable_path/Frameworks",
				);
				MARKETING_VERSION = 1.0;
				PRODUCT_BUNDLE_IDENTIFIER = Mobelite.WatchMovie;
				PRODUCT_NAME = "$(TARGET_NAME)";
				SWIFT_EMIT_LOC_STRINGS = YES;
				SWIFT_VERSION = 5.0;
				TARGETED_DEVICE_FAMILY = "1,2";
			};
			name = Release;
		};
		8280F73728DD9C7D00010202 /* Debug */ = {
			isa = XCBuildConfiguration;
			baseConfigurationReference = 4A843A1195156365F0A7C47C /* Pods-WatchMovieTests.debug.xcconfig */;
			buildSettings = {
				ALWAYS_EMBED_SWIFT_STANDARD_LIBRARIES = YES;
				BUNDLE_LOADER = "$(TEST_HOST)";
				CODE_SIGN_STYLE = Automatic;
				CURRENT_PROJECT_VERSION = 1;
				DEVELOPMENT_TEAM = 5T788DKPH5;
				GENERATE_INFOPLIST_FILE = YES;
				IPHONEOS_DEPLOYMENT_TARGET = 15.5;
				MARKETING_VERSION = 1.0;
				PRODUCT_BUNDLE_IDENTIFIER = Mobelite.WatchMovieTests;
				PRODUCT_NAME = "$(TARGET_NAME)";
				SWIFT_EMIT_LOC_STRINGS = NO;
				SWIFT_VERSION = 5.0;
				TARGETED_DEVICE_FAMILY = "1,2";
				TEST_HOST = "$(BUILT_PRODUCTS_DIR)/WatchMovie.app/WatchMovie";
			};
			name = Debug;
		};
		8280F73828DD9C7D00010202 /* Release */ = {
			isa = XCBuildConfiguration;
			baseConfigurationReference = B311FF61CB03880D4369D2C5 /* Pods-WatchMovieTests.release.xcconfig */;
			buildSettings = {
				ALWAYS_EMBED_SWIFT_STANDARD_LIBRARIES = YES;
				BUNDLE_LOADER = "$(TEST_HOST)";
				CODE_SIGN_STYLE = Automatic;
				CURRENT_PROJECT_VERSION = 1;
				DEVELOPMENT_TEAM = 5T788DKPH5;
				GENERATE_INFOPLIST_FILE = YES;
				IPHONEOS_DEPLOYMENT_TARGET = 15.5;
				MARKETING_VERSION = 1.0;
				PRODUCT_BUNDLE_IDENTIFIER = Mobelite.WatchMovieTests;
				PRODUCT_NAME = "$(TARGET_NAME)";
				SWIFT_EMIT_LOC_STRINGS = NO;
				SWIFT_VERSION = 5.0;
				TARGETED_DEVICE_FAMILY = "1,2";
				TEST_HOST = "$(BUILT_PRODUCTS_DIR)/WatchMovie.app/WatchMovie";
			};
			name = Release;
		};
		8280F73A28DD9C7D00010202 /* Debug */ = {
			isa = XCBuildConfiguration;
			baseConfigurationReference = 18FDC56DE2014D13DF334E55 /* Pods-WatchMovie-WatchMovieUITests.debug.xcconfig */;
			buildSettings = {
				ALWAYS_EMBED_SWIFT_STANDARD_LIBRARIES = YES;
				CODE_SIGN_STYLE = Automatic;
				CURRENT_PROJECT_VERSION = 1;
				DEVELOPMENT_TEAM = 5T788DKPH5;
				GENERATE_INFOPLIST_FILE = YES;
				MARKETING_VERSION = 1.0;
				PRODUCT_BUNDLE_IDENTIFIER = Mobelite.WatchMovieUITests;
				PRODUCT_NAME = "$(TARGET_NAME)";
				SWIFT_EMIT_LOC_STRINGS = NO;
				SWIFT_VERSION = 5.0;
				TARGETED_DEVICE_FAMILY = "1,2";
				TEST_TARGET_NAME = WatchMovie;
			};
			name = Debug;
		};
		8280F73B28DD9C7D00010202 /* Release */ = {
			isa = XCBuildConfiguration;
			baseConfigurationReference = 06EA60413ACCECF18D3A7A77 /* Pods-WatchMovie-WatchMovieUITests.release.xcconfig */;
			buildSettings = {
				ALWAYS_EMBED_SWIFT_STANDARD_LIBRARIES = YES;
				CODE_SIGN_STYLE = Automatic;
				CURRENT_PROJECT_VERSION = 1;
				DEVELOPMENT_TEAM = 5T788DKPH5;
				GENERATE_INFOPLIST_FILE = YES;
				MARKETING_VERSION = 1.0;
				PRODUCT_BUNDLE_IDENTIFIER = Mobelite.WatchMovieUITests;
				PRODUCT_NAME = "$(TARGET_NAME)";
				SWIFT_EMIT_LOC_STRINGS = NO;
				SWIFT_VERSION = 5.0;
				TARGETED_DEVICE_FAMILY = "1,2";
				TEST_TARGET_NAME = WatchMovie;
			};
			name = Release;
		};
/* End XCBuildConfiguration section */

/* Begin XCConfigurationList section */
		8280F70428DD9C7900010202 /* Build configuration list for PBXProject "WatchMovie" */ = {
			isa = XCConfigurationList;
			buildConfigurations = (
				8280F73128DD9C7D00010202 /* Debug */,
				8280F73228DD9C7D00010202 /* Release */,
			);
			defaultConfigurationIsVisible = 0;
			defaultConfigurationName = Release;
		};
		8280F73328DD9C7D00010202 /* Build configuration list for PBXNativeTarget "WatchMovie" */ = {
			isa = XCConfigurationList;
			buildConfigurations = (
				8280F73428DD9C7D00010202 /* Debug */,
				8280F73528DD9C7D00010202 /* Release */,
			);
			defaultConfigurationIsVisible = 0;
			defaultConfigurationName = Release;
		};
		8280F73628DD9C7D00010202 /* Build configuration list for PBXNativeTarget "WatchMovieTests" */ = {
			isa = XCConfigurationList;
			buildConfigurations = (
				8280F73728DD9C7D00010202 /* Debug */,
				8280F73828DD9C7D00010202 /* Release */,
			);
			defaultConfigurationIsVisible = 0;
			defaultConfigurationName = Release;
		};
		8280F73928DD9C7D00010202 /* Build configuration list for PBXNativeTarget "WatchMovieUITests" */ = {
			isa = XCConfigurationList;
			buildConfigurations = (
				8280F73A28DD9C7D00010202 /* Debug */,
				8280F73B28DD9C7D00010202 /* Release */,
			);
			defaultConfigurationIsVisible = 0;
			defaultConfigurationName = Release;
		};
/* End XCConfigurationList section */
	};
	rootObject = 8280F70128DD9C7900010202 /* Project object */;
}
