// !$*UTF8*$!
{
	archiveVersion = 1;
	classes = {
	};
	objectVersion = 55;
	objects = {

/* Begin PBXBuildFile section */
		8280F70D28DD9C7900010202 /* AppDelegate.swift in Sources */ = {isa = PBXBuildFile; fileRef = 8280F70C28DD9C7900010202 /* AppDelegate.swift */; };
		8280F70F28DD9C7900010202 /* SceneDelegate.swift in Sources */ = {isa = PBXBuildFile; fileRef = 8280F70E28DD9C7900010202 /* SceneDelegate.swift */; };
		8280F71128DD9C7900010202 /* ViewController.swift in Sources */ = {isa = PBXBuildFile; fileRef = 8280F71028DD9C7900010202 /* ViewController.swift */; };
		8280F71428DD9C7900010202 /* Main.storyboard in Resources */ = {isa = PBXBuildFile; fileRef = 8280F71228DD9C7900010202 /* Main.storyboard */; };
		8280F71628DD9C7C00010202 /* Assets.xcassets in Resources */ = {isa = PBXBuildFile; fileRef = 8280F71528DD9C7C00010202 /* Assets.xcassets */; };
		8280F71928DD9C7C00010202 /* LaunchScreen.storyboard in Resources */ = {isa = PBXBuildFile; fileRef = 8280F71728DD9C7C00010202 /* LaunchScreen.storyboard */; };
		8280F72428DD9C7D00010202 /* WatchMovieTests.swift in Sources */ = {isa = PBXBuildFile; fileRef = 8280F72328DD9C7D00010202 /* WatchMovieTests.swift */; };
		8280F72E28DD9C7D00010202 /* WatchMovieUITests.swift in Sources */ = {isa = PBXBuildFile; fileRef = 8280F72D28DD9C7D00010202 /* WatchMovieUITests.swift */; };
		8280F73028DD9C7D00010202 /* WatchMovieUITestsLaunchTests.swift in Sources */ = {isa = PBXBuildFile; fileRef = 8280F72F28DD9C7D00010202 /* WatchMovieUITestsLaunchTests.swift */; };
/* End PBXBuildFile section */

/* Begin PBXContainerItemProxy section */
		8280F72028DD9C7D00010202 /* PBXContainerItemProxy */ = {
			isa = PBXContainerItemProxy;
			containerPortal = 8280F70128DD9C7900010202 /* Project object */;
			proxyType = 1;
			remoteGlobalIDString = 8280F70828DD9C7900010202;
			remoteInfo = WatchMovie;
		};
		8280F72A28DD9C7D00010202 /* PBXContainerItemProxy */ = {
			isa = PBXContainerItemProxy;
			containerPortal = 8280F70128DD9C7900010202 /* Project object */;
			proxyType = 1;
			remoteGlobalIDString = 8280F70828DD9C7900010202;
			remoteInfo = WatchMovie;
		};
/* End PBXContainerItemProxy section */

/* Begin PBXFileReference section */
		8280F70928DD9C7900010202 /* WatchMovie.app */ = {isa = PBXFileReference; explicitFileType = wrapper.application; includeInIndex = 0; path = WatchMovie.app; sourceTree = BUILT_PRODUCTS_DIR; };
		8280F70C28DD9C7900010202 /* AppDelegate.swift */ = {isa = PBXFileReference; lastKnownFileType = sourcecode.swift; path = AppDelegate.swift; sourceTree = "<group>"; };
		8280F70E28DD9C7900010202 /* SceneDelegate.swift */ = {isa = PBXFileReference; lastKnownFileType = sourcecode.swift; path = SceneDelegate.swift; sourceTree = "<group>"; };
		8280F71028DD9C7900010202 /* ViewController.swift */ = {isa = PBXFileReference; lastKnownFileType = sourcecode.swift; path = ViewController.swift; sourceTree = "<group>"; };
		8280F71328DD9C7900010202 /* Base */ = {isa = PBXFileReference; lastKnownFileType = file.storyboard; name = Base; path = Base.lproj/Main.storyboard; sourceTree = "<group>"; };
		8280F71528DD9C7C00010202 /* Assets.xcassets */ = {isa = PBXFileReference; lastKnownFileType = folder.assetcatalog; path = Assets.xcassets; sourceTree = "<group>"; };
		8280F71828DD9C7C00010202 /* Base */ = {isa = PBXFileReference; lastKnownFileType = file.storyboard; name = Base; path = Base.lproj/LaunchScreen.storyboard; sourceTree = "<group>"; };
		8280F71A28DD9C7C00010202 /* Info.plist */ = {isa = PBXFileReference; lastKnownFileType = text.plist.xml; path = Info.plist; sourceTree = "<group>"; };
		8280F71F28DD9C7D00010202 /* WatchMovieTests.xctest */ = {isa = PBXFileReference; explicitFileType = wrapper.cfbundle; includeInIndex = 0; path = WatchMovieTests.xctest; sourceTree = BUILT_PRODUCTS_DIR; };
		8280F72328DD9C7D00010202 /* WatchMovieTests.swift */ = {isa = PBXFileReference; lastKnownFileType = sourcecode.swift; path = WatchMovieTests.swift; sourceTree = "<group>"; };
		8280F72928DD9C7D00010202 /* WatchMovieUITests.xctest */ = {isa = PBXFileReference; explicitFileType = wrapper.cfbundle; includeInIndex = 0; path = WatchMovieUITests.xctest; sourceTree = BUILT_PRODUCTS_DIR; };
		8280F72D28DD9C7D00010202 /* WatchMovieUITests.swift */ = {isa = PBXFileReference; lastKnownFileType = sourcecode.swift; path = WatchMovieUITests.swift; sourceTree = "<group>"; };
		8280F72F28DD9C7D00010202 /* WatchMovieUITestsLaunchTests.swift */ = {isa = PBXFileReference; lastKnownFileType = sourcecode.swift; path = WatchMovieUITestsLaunchTests.swift; sourceTree = "<group>"; };
/* End PBXFileReference section */

/* Begin PBXFrameworksBuildPhase section */
		8280F70628DD9C7900010202 /* Frameworks */ = {
			isa = PBXFrameworksBuildPhase;
			buildActionMask = 2147483647;
			files = (
			);
			runOnlyForDeploymentPostprocessing = 0;
		};
		8280F71C28DD9C7D00010202 /* Frameworks */ = {
			isa = PBXFrameworksBuildPhase;
			buildActionMask = 2147483647;
			files = (
			);
			runOnlyForDeploymentPostprocessing = 0;
		};
		8280F72628DD9C7D00010202 /* Frameworks */ = {
			isa = PBXFrameworksBuildPhase;
			buildActionMask = 2147483647;
			files = (
			);
			runOnlyForDeploymentPostprocessing = 0;
		};
/* End PBXFrameworksBuildPhase section */

/* Begin PBXGroup section */
		8280F70028DD9C7900010202 = {
			isa = PBXGroup;
			children = (
				8280F70B28DD9C7900010202 /* WatchMovie */,
				8280F72228DD9C7D00010202 /* WatchMovieTests */,
				8280F72C28DD9C7D00010202 /* WatchMovieUITests */,
				8280F70A28DD9C7900010202 /* Products */,
			);
			sourceTree = "<group>";
		};
		8280F70A28DD9C7900010202 /* Products */ = {
			isa = PBXGroup;
			children = (
				8280F70928DD9C7900010202 /* WatchMovie.app */,
				8280F71F28DD9C7D00010202 /* WatchMovieTests.xctest */,
				8280F72928DD9C7D00010202 /* WatchMovieUITests.xctest */,
			);
			name = Products;
			sourceTree = "<group>";
		};
		8280F70B28DD9C7900010202 /* WatchMovie */ = {
			isa = PBXGroup;
			children = (
				8280F70C28DD9C7900010202 /* AppDelegate.swift */,
				8280F70E28DD9C7900010202 /* SceneDelegate.swift */,
				8280F71028DD9C7900010202 /* ViewController.swift */,
				8280F71228DD9C7900010202 /* Main.storyboard */,
				8280F71528DD9C7C00010202 /* Assets.xcassets */,
				8280F71728DD9C7C00010202 /* LaunchScreen.storyboard */,
				8280F71A28DD9C7C00010202 /* Info.plist */,
			);
			path = WatchMovie;
			sourceTree = "<group>";
		};
		8280F72228DD9C7D00010202 /* WatchMovieTests */ = {
			isa = PBXGroup;
			children = (
				8280F72328DD9C7D00010202 /* WatchMovieTests.swift */,
			);
			path = WatchMovieTests;
			sourceTree = "<group>";
		};
		8280F72C28DD9C7D00010202 /* WatchMovieUITests */ = {
			isa = PBXGroup;
			children = (
				8280F72D28DD9C7D00010202 /* WatchMovieUITests.swift */,
				8280F72F28DD9C7D00010202 /* WatchMovieUITestsLaunchTests.swift */,
			);
			path = WatchMovieUITests;
			sourceTree = "<group>";
		};
/* End PBXGroup section */

/* Begin PBXNativeTarget section */
		8280F70828DD9C7900010202 /* WatchMovie */ = {
			isa = PBXNativeTarget;
			buildConfigurationList = 8280F73328DD9C7D00010202 /* Build configuration list for PBXNativeTarget "WatchMovie" */;
			buildPhases = (
				8280F70528DD9C7900010202 /* Sources */,
				8280F70628DD9C7900010202 /* Frameworks */,
				8280F70728DD9C7900010202 /* Resources */,
			);
			buildRules = (
			);
			dependencies = (
			);
			name = WatchMovie;
			productName = WatchMovie;
			productReference = 8280F70928DD9C7900010202 /* WatchMovie.app */;
			productType = "com.apple.product-type.application";
		};
		8280F71E28DD9C7D00010202 /* WatchMovieTests */ = {
			isa = PBXNativeTarget;
			buildConfigurationList = 8280F73628DD9C7D00010202 /* Build configuration list for PBXNativeTarget "WatchMovieTests" */;
			buildPhases = (
				8280F71B28DD9C7D00010202 /* Sources */,
				8280F71C28DD9C7D00010202 /* Frameworks */,
				8280F71D28DD9C7D00010202 /* Resources */,
			);
			buildRules = (
			);
			dependencies = (
				8280F72128DD9C7D00010202 /* PBXTargetDependency */,
			);
			name = WatchMovieTests;
			productName = WatchMovieTests;
			productReference = 8280F71F28DD9C7D00010202 /* WatchMovieTests.xctest */;
			productType = "com.apple.product-type.bundle.unit-test";
		};
		8280F72828DD9C7D00010202 /* WatchMovieUITests */ = {
			isa = PBXNativeTarget;
			buildConfigurationList = 8280F73928DD9C7D00010202 /* Build configuration list for PBXNativeTarget "WatchMovieUITests" */;
			buildPhases = (
				8280F72528DD9C7D00010202 /* Sources */,
				8280F72628DD9C7D00010202 /* Frameworks */,
				8280F72728DD9C7D00010202 /* Resources */,
			);
			buildRules = (
			);
			dependencies = (
				8280F72B28DD9C7D00010202 /* PBXTargetDependency */,
			);
			name = WatchMovieUITests;
			productName = WatchMovieUITests;
			productReference = 8280F72928DD9C7D00010202 /* WatchMovieUITests.xctest */;
			productType = "com.apple.product-type.bundle.ui-testing";
		};
/* End PBXNativeTarget section */

/* Begin PBXProject section */
		8280F70128DD9C7900010202 /* Project object */ = {
			isa = PBXProject;
			attributes = {
				BuildIndependentTargetsInParallel = 1;
				LastSwiftUpdateCheck = 1340;
				LastUpgradeCheck = 1340;
				TargetAttributes = {
					8280F70828DD9C7900010202 = {
						CreatedOnToolsVersion = 13.4.1;
					};
					8280F71E28DD9C7D00010202 = {
						CreatedOnToolsVersion = 13.4.1;
						TestTargetID = 8280F70828DD9C7900010202;
					};
					8280F72828DD9C7D00010202 = {
						CreatedOnToolsVersion = 13.4.1;
						TestTargetID = 8280F70828DD9C7900010202;
					};
				};
			};
			buildConfigurationList = 8280F70428DD9C7900010202 /* Build configuration list for PBXProject "WatchMovie" */;
			compatibilityVersion = "Xcode 13.0";
			developmentRegion = en;
			hasScannedForEncodings = 0;
			knownRegions = (
				en,
				Base,
			);
			mainGroup = 8280F70028DD9C7900010202;
			productRefGroup = 8280F70A28DD9C7900010202 /* Products */;
			projectDirPath = "";
			projectRoot = "";
			targets = (
				8280F70828DD9C7900010202 /* WatchMovie */,
				8280F71E28DD9C7D00010202 /* WatchMovieTests */,
				8280F72828DD9C7D00010202 /* WatchMovieUITests */,
			);
		};
/* End PBXProject section */

/* Begin PBXResourcesBuildPhase section */
		8280F70728DD9C7900010202 /* Resources */ = {
			isa = PBXResourcesBuildPhase;
			buildActionMask = 2147483647;
			files = (
				8280F71928DD9C7C00010202 /* LaunchScreen.storyboard in Resources */,
				8280F71628DD9C7C00010202 /* Assets.xcassets in Resources */,
				8280F71428DD9C7900010202 /* Main.storyboard in Resources */,
			);
			runOnlyForDeploymentPostprocessing = 0;
		};
		8280F71D28DD9C7D00010202 /* Resources */ = {
			isa = PBXResourcesBuildPhase;
			buildActionMask = 2147483647;
			files = (
			);
			runOnlyForDeploymentPostprocessing = 0;
		};
		8280F72728DD9C7D00010202 /* Resources */ = {
			isa = PBXResourcesBuildPhase;
			buildActionMask = 2147483647;
			files = (
			);
			runOnlyForDeploymentPostprocessing = 0;
		};
/* End PBXResourcesBuildPhase section */

/* Begin PBXSourcesBuildPhase section */
		8280F70528DD9C7900010202 /* Sources */ = {
			isa = PBXSourcesBuildPhase;
			buildActionMask = 2147483647;
			files = (
				8280F71128DD9C7900010202 /* ViewController.swift in Sources */,
				8280F70D28DD9C7900010202 /* AppDelegate.swift in Sources */,
				8280F70F28DD9C7900010202 /* SceneDelegate.swift in Sources */,
			);
			runOnlyForDeploymentPostprocessing = 0;
		};
		8280F71B28DD9C7D00010202 /* Sources */ = {
			isa = PBXSourcesBuildPhase;
			buildActionMask = 2147483647;
			files = (
				8280F72428DD9C7D00010202 /* WatchMovieTests.swift in Sources */,
			);
			runOnlyForDeploymentPostprocessing = 0;
		};
		8280F72528DD9C7D00010202 /* Sources */ = {
			isa = PBXSourcesBuildPhase;
			buildActionMask = 2147483647;
			files = (
				8280F72E28DD9C7D00010202 /* WatchMovieUITests.swift in Sources */,
				8280F73028DD9C7D00010202 /* WatchMovieUITestsLaunchTests.swift in Sources */,
			);
			runOnlyForDeploymentPostprocessing = 0;
		};
/* End PBXSourcesBuildPhase section */

/* Begin PBXTargetDependency section */
		8280F72128DD9C7D00010202 /* PBXTargetDependency */ = {
			isa = PBXTargetDependency;
			target = 8280F70828DD9C7900010202 /* WatchMovie */;
			targetProxy = 8280F72028DD9C7D00010202 /* PBXContainerItemProxy */;
		};
		8280F72B28DD9C7D00010202 /* PBXTargetDependency */ = {
			isa = PBXTargetDependency;
			target = 8280F70828DD9C7900010202 /* WatchMovie */;
			targetProxy = 8280F72A28DD9C7D00010202 /* PBXContainerItemProxy */;
		};
/* End PBXTargetDependency section */

/* Begin PBXVariantGroup section */
		8280F71228DD9C7900010202 /* Main.storyboard */ = {
			isa = PBXVariantGroup;
			children = (
				8280F71328DD9C7900010202 /* Base */,
			);
			name = Main.storyboard;
			sourceTree = "<group>";
		};
		8280F71728DD9C7C00010202 /* LaunchScreen.storyboard */ = {
			isa = PBXVariantGroup;
			children = (
				8280F71828DD9C7C00010202 /* Base */,
			);
			name = LaunchScreen.storyboard;
			sourceTree = "<group>";
		};
/* End PBXVariantGroup section */

/* Begin XCBuildConfiguration section */
		8280F73128DD9C7D00010202 /* Debug */ = {
			isa = XCBuildConfiguration;
			buildSettings = {
				ALWAYS_SEARCH_USER_PATHS = NO;
				CLANG_ANALYZER_NONNULL = YES;
				CLANG_ANALYZER_NUMBER_OBJECT_CONVERSION = YES_AGGRESSIVE;
				CLANG_CXX_LANGUAGE_STANDARD = "gnu++17";
				CLANG_ENABLE_MODULES = YES;
				CLANG_ENABLE_OBJC_ARC = YES;
				CLANG_ENABLE_OBJC_WEAK = YES;
				CLANG_WARN_BLOCK_CAPTURE_AUTORELEASING = YES;
				CLANG_WARN_BOOL_CONVERSION = YES;
				CLANG_WARN_COMMA = YES;
				CLANG_WARN_CONSTANT_CONVERSION = YES;
				CLANG_WARN_DEPRECATED_OBJC_IMPLEMENTATIONS = YES;
				CLANG_WARN_DIRECT_OBJC_ISA_USAGE = YES_ERROR;
				CLANG_WARN_DOCUMENTATION_COMMENTS = YES;
				CLANG_WARN_EMPTY_BODY = YES;
				CLANG_WARN_ENUM_CONVERSION = YES;
				CLANG_WARN_INFINITE_RECURSION = YES;
				CLANG_WARN_INT_CONVERSION = YES;
				CLANG_WARN_NON_LITERAL_NULL_CONVERSION = YES;
				CLANG_WARN_OBJC_IMPLICIT_RETAIN_SELF = YES;
				CLANG_WARN_OBJC_LITERAL_CONVERSION = YES;
				CLANG_WARN_OBJC_ROOT_CLASS = YES_ERROR;
				CLANG_WARN_QUOTED_INCLUDE_IN_FRAMEWORK_HEADER = YES;
				CLANG_WARN_RANGE_LOOP_ANALYSIS = YES;
				CLANG_WARN_STRICT_PROTOTYPES = YES;
				CLANG_WARN_SUSPICIOUS_MOVE = YES;
				CLANG_WARN_UNGUARDED_AVAILABILITY = YES_AGGRESSIVE;
				CLANG_WARN_UNREACHABLE_CODE = YES;
				CLANG_WARN__DUPLICATE_METHOD_MATCH = YES;
				COPY_PHASE_STRIP = NO;
				DEBUG_INFORMATION_FORMAT = dwarf;
				ENABLE_STRICT_OBJC_MSGSEND = YES;
				ENABLE_TESTABILITY = YES;
				GCC_C_LANGUAGE_STANDARD = gnu11;
				GCC_DYNAMIC_NO_PIC = NO;
				GCC_NO_COMMON_BLOCKS = YES;
				GCC_OPTIMIZATION_LEVEL = 0;
				GCC_PREPROCESSOR_DEFINITIONS = (
					"DEBUG=1",
					"$(inherited)",
				);
				GCC_WARN_64_TO_32_BIT_CONVERSION = YES;
				GCC_WARN_ABOUT_RETURN_TYPE = YES_ERROR;
				GCC_WARN_UNDECLARED_SELECTOR = YES;
				GCC_WARN_UNINITIALIZED_AUTOS = YES_AGGRESSIVE;
				GCC_WARN_UNUSED_FUNCTION = YES;
				GCC_WARN_UNUSED_VARIABLE = YES;
				IPHONEOS_DEPLOYMENT_TARGET = 15.5;
				MTL_ENABLE_DEBUG_INFO = INCLUDE_SOURCE;
				MTL_FAST_MATH = YES;
				ONLY_ACTIVE_ARCH = YES;
				SDKROOT = iphoneos;
				SWIFT_ACTIVE_COMPILATION_CONDITIONS = DEBUG;
				SWIFT_OPTIMIZATION_LEVEL = "-Onone";
			};
			name = Debug;
		};
		8280F73228DD9C7D00010202 /* Release */ = {
			isa = XCBuildConfiguration;
			buildSettings = {
				ALWAYS_SEARCH_USER_PATHS = NO;
				CLANG_ANALYZER_NONNULL = YES;
				CLANG_ANALYZER_NUMBER_OBJECT_CONVERSION = YES_AGGRESSIVE;
				CLANG_CXX_LANGUAGE_STANDARD = "gnu++17";
				CLANG_ENABLE_MODULES = YES;
				CLANG_ENABLE_OBJC_ARC = YES;
				CLANG_ENABLE_OBJC_WEAK = YES;
				CLANG_WARN_BLOCK_CAPTURE_AUTORELEASING = YES;
				CLANG_WARN_BOOL_CONVERSION = YES;
				CLANG_WARN_COMMA = YES;
				CLANG_WARN_CONSTANT_CONVERSION = YES;
				CLANG_WARN_DEPRECATED_OBJC_IMPLEMENTATIONS = YES;
				CLANG_WARN_DIRECT_OBJC_ISA_USAGE = YES_ERROR;
				CLANG_WARN_DOCUMENTATION_COMMENTS = YES;
				CLANG_WARN_EMPTY_BODY = YES;
				CLANG_WARN_ENUM_CONVERSION = YES;
				CLANG_WARN_INFINITE_RECURSION = YES;
				CLANG_WARN_INT_CONVERSION = YES;
				CLANG_WARN_NON_LITERAL_NULL_CONVERSION = YES;
				CLANG_WARN_OBJC_IMPLICIT_RETAIN_SELF = YES;
				CLANG_WARN_OBJC_LITERAL_CONVERSION = YES;
				CLANG_WARN_OBJC_ROOT_CLASS = YES_ERROR;
				CLANG_WARN_QUOTED_INCLUDE_IN_FRAMEWORK_HEADER = YES;
				CLANG_WARN_RANGE_LOOP_ANALYSIS = YES;
				CLANG_WARN_STRICT_PROTOTYPES = YES;
				CLANG_WARN_SUSPICIOUS_MOVE = YES;
				CLANG_WARN_UNGUARDED_AVAILABILITY = YES_AGGRESSIVE;
				CLANG_WARN_UNREACHABLE_CODE = YES;
				CLANG_WARN__DUPLICATE_METHOD_MATCH = YES;
				COPY_PHASE_STRIP = NO;
				DEBUG_INFORMATION_FORMAT = "dwarf-with-dsym";
				ENABLE_NS_ASSERTIONS = NO;
				ENABLE_STRICT_OBJC_MSGSEND = YES;
				GCC_C_LANGUAGE_STANDARD = gnu11;
				GCC_NO_COMMON_BLOCKS = YES;
				GCC_WARN_64_TO_32_BIT_CONVERSION = YES;
				GCC_WARN_ABOUT_RETURN_TYPE = YES_ERROR;
				GCC_WARN_UNDECLARED_SELECTOR = YES;
				GCC_WARN_UNINITIALIZED_AUTOS = YES_AGGRESSIVE;
				GCC_WARN_UNUSED_FUNCTION = YES;
				GCC_WARN_UNUSED_VARIABLE = YES;
				IPHONEOS_DEPLOYMENT_TARGET = 15.5;
				MTL_ENABLE_DEBUG_INFO = NO;
				MTL_FAST_MATH = YES;
				SDKROOT = iphoneos;
				SWIFT_COMPILATION_MODE = wholemodule;
				SWIFT_OPTIMIZATION_LEVEL = "-O";
				VALIDATE_PRODUCT = YES;
			};
			name = Release;
		};
		8280F73428DD9C7D00010202 /* Debug */ = {
			isa = XCBuildConfiguration;
			buildSettings = {
				ASSETCATALOG_COMPILER_APPICON_NAME = AppIcon;
				ASSETCATALOG_COMPILER_GLOBAL_ACCENT_COLOR_NAME = AccentColor;
				CODE_SIGN_STYLE = Automatic;
				CURRENT_PROJECT_VERSION = 1;
				DEVELOPMENT_TEAM = 5T788DKPH5;
				GENERATE_INFOPLIST_FILE = YES;
				INFOPLIST_FILE = WatchMovie/Info.plist;
				INFOPLIST_KEY_UIApplicationSupportsIndirectInputEvents = YES;
				INFOPLIST_KEY_UILaunchStoryboardName = LaunchScreen;
				INFOPLIST_KEY_UIMainStoryboardFile = Main;
				INFOPLIST_KEY_UISupportedInterfaceOrientations_iPad = "UIInterfaceOrientationPortrait UIInterfaceOrientationPortraitUpsideDown UIInterfaceOrientationLandscapeLeft UIInterfaceOrientationLandscapeRight";
				INFOPLIST_KEY_UISupportedInterfaceOrientations_iPhone = "UIInterfaceOrientationPortrait UIInterfaceOrientationLandscapeLeft UIInterfaceOrientationLandscapeRight";
				LD_RUNPATH_SEARCH_PATHS = (
					"$(inherited)",
					"@executable_path/Frameworks",
				);
				MARKETING_VERSION = 1.0;
				PRODUCT_BUNDLE_IDENTIFIER = Mobelite.WatchMovie;
				PRODUCT_NAME = "$(TARGET_NAME)";
				SWIFT_EMIT_LOC_STRINGS = YES;
				SWIFT_VERSION = 5.0;
				TARGETED_DEVICE_FAMILY = "1,2";
			};
			name = Debug;
		};
		8280F73528DD9C7D00010202 /* Release */ = {
			isa = XCBuildConfiguration;
			buildSettings = {
				ASSETCATALOG_COMPILER_APPICON_NAME = AppIcon;
				ASSETCATALOG_COMPILER_GLOBAL_ACCENT_COLOR_NAME = AccentColor;
				CODE_SIGN_STYLE = Automatic;
				CURRENT_PROJECT_VERSION = 1;
				DEVELOPMENT_TEAM = 5T788DKPH5;
				GENERATE_INFOPLIST_FILE = YES;
				INFOPLIST_FILE = WatchMovie/Info.plist;
				INFOPLIST_KEY_UIApplicationSupportsIndirectInputEvents = YES;
				INFOPLIST_KEY_UILaunchStoryboardName = LaunchScreen;
				INFOPLIST_KEY_UIMainStoryboardFile = Main;
				INFOPLIST_KEY_UISupportedInterfaceOrientations_iPad = "UIInterfaceOrientationPortrait UIInterfaceOrientationPortraitUpsideDown UIInterfaceOrientationLandscapeLeft UIInterfaceOrientationLandscapeRight";
				INFOPLIST_KEY_UISupportedInterfaceOrientations_iPhone = "UIInterfaceOrientationPortrait UIInterfaceOrientationLandscapeLeft UIInterfaceOrientationLandscapeRight";
				LD_RUNPATH_SEARCH_PATHS = (
					"$(inherited)",
					"@executable_path/Frameworks",
				);
				MARKETING_VERSION = 1.0;
				PRODUCT_BUNDLE_IDENTIFIER = Mobelite.WatchMovie;
				PRODUCT_NAME = "$(TARGET_NAME)";
				SWIFT_EMIT_LOC_STRINGS = YES;
				SWIFT_VERSION = 5.0;
				TARGETED_DEVICE_FAMILY = "1,2";
			};
			name = Release;
		};
		8280F73728DD9C7D00010202 /* Debug */ = {
			isa = XCBuildConfiguration;
			buildSettings = {
				ALWAYS_EMBED_SWIFT_STANDARD_LIBRARIES = YES;
				BUNDLE_LOADER = "$(TEST_HOST)";
				CODE_SIGN_STYLE = Automatic;
				CURRENT_PROJECT_VERSION = 1;
				DEVELOPMENT_TEAM = 5T788DKPH5;
				GENERATE_INFOPLIST_FILE = YES;
				IPHONEOS_DEPLOYMENT_TARGET = 15.5;
				MARKETING_VERSION = 1.0;
				PRODUCT_BUNDLE_IDENTIFIER = Mobelite.WatchMovieTests;
				PRODUCT_NAME = "$(TARGET_NAME)";
				SWIFT_EMIT_LOC_STRINGS = NO;
				SWIFT_VERSION = 5.0;
				TARGETED_DEVICE_FAMILY = "1,2";
				TEST_HOST = "$(BUILT_PRODUCTS_DIR)/WatchMovie.app/WatchMovie";
			};
			name = Debug;
		};
		8280F73828DD9C7D00010202 /* Release */ = {
			isa = XCBuildConfiguration;
			buildSettings = {
				ALWAYS_EMBED_SWIFT_STANDARD_LIBRARIES = YES;
				BUNDLE_LOADER = "$(TEST_HOST)";
				CODE_SIGN_STYLE = Automatic;
				CURRENT_PROJECT_VERSION = 1;
				DEVELOPMENT_TEAM = 5T788DKPH5;
				GENERATE_INFOPLIST_FILE = YES;
				IPHONEOS_DEPLOYMENT_TARGET = 15.5;
				MARKETING_VERSION = 1.0;
				PRODUCT_BUNDLE_IDENTIFIER = Mobelite.WatchMovieTests;
				PRODUCT_NAME = "$(TARGET_NAME)";
				SWIFT_EMIT_LOC_STRINGS = NO;
				SWIFT_VERSION = 5.0;
				TARGETED_DEVICE_FAMILY = "1,2";
				TEST_HOST = "$(BUILT_PRODUCTS_DIR)/WatchMovie.app/WatchMovie";
			};
			name = Release;
		};
		8280F73A28DD9C7D00010202 /* Debug */ = {
			isa = XCBuildConfiguration;
			buildSettings = {
				ALWAYS_EMBED_SWIFT_STANDARD_LIBRARIES = YES;
				CODE_SIGN_STYLE = Automatic;
				CURRENT_PROJECT_VERSION = 1;
				DEVELOPMENT_TEAM = 5T788DKPH5;
				GENERATE_INFOPLIST_FILE = YES;
				MARKETING_VERSION = 1.0;
				PRODUCT_BUNDLE_IDENTIFIER = Mobelite.WatchMovieUITests;
				PRODUCT_NAME = "$(TARGET_NAME)";
				SWIFT_EMIT_LOC_STRINGS = NO;
				SWIFT_VERSION = 5.0;
				TARGETED_DEVICE_FAMILY = "1,2";
				TEST_TARGET_NAME = WatchMovie;
			};
			name = Debug;
		};
		8280F73B28DD9C7D00010202 /* Release */ = {
			isa = XCBuildConfiguration;
			buildSettings = {
				ALWAYS_EMBED_SWIFT_STANDARD_LIBRARIES = YES;
				CODE_SIGN_STYLE = Automatic;
				CURRENT_PROJECT_VERSION = 1;
				DEVELOPMENT_TEAM = 5T788DKPH5;
				GENERATE_INFOPLIST_FILE = YES;
				MARKETING_VERSION = 1.0;
				PRODUCT_BUNDLE_IDENTIFIER = Mobelite.WatchMovieUITests;
				PRODUCT_NAME = "$(TARGET_NAME)";
				SWIFT_EMIT_LOC_STRINGS = NO;
				SWIFT_VERSION = 5.0;
				TARGETED_DEVICE_FAMILY = "1,2";
				TEST_TARGET_NAME = WatchMovie;
			};
			name = Release;
		};
/* End XCBuildConfiguration section */

/* Begin XCConfigurationList section */
		8280F70428DD9C7900010202 /* Build configuration list for PBXProject "WatchMovie" */ = {
			isa = XCConfigurationList;
			buildConfigurations = (
				8280F73128DD9C7D00010202 /* Debug */,
				8280F73228DD9C7D00010202 /* Release */,
			);
			defaultConfigurationIsVisible = 0;
			defaultConfigurationName = Release;
		};
		8280F73328DD9C7D00010202 /* Build configuration list for PBXNativeTarget "WatchMovie" */ = {
			isa = XCConfigurationList;
			buildConfigurations = (
				8280F73428DD9C7D00010202 /* Debug */,
				8280F73528DD9C7D00010202 /* Release */,
			);
			defaultConfigurationIsVisible = 0;
			defaultConfigurationName = Release;
		};
		8280F73628DD9C7D00010202 /* Build configuration list for PBXNativeTarget "WatchMovieTests" */ = {
			isa = XCConfigurationList;
			buildConfigurations = (
				8280F73728DD9C7D00010202 /* Debug */,
				8280F73828DD9C7D00010202 /* Release */,
			);
			defaultConfigurationIsVisible = 0;
			defaultConfigurationName = Release;
		};
		8280F73928DD9C7D00010202 /* Build configuration list for PBXNativeTarget "WatchMovieUITests" */ = {
			isa = XCConfigurationList;
			buildConfigurations = (
				8280F73A28DD9C7D00010202 /* Debug */,
				8280F73B28DD9C7D00010202 /* Release */,
			);
			defaultConfigurationIsVisible = 0;
			defaultConfigurationName = Release;
		};
/* End XCConfigurationList section */
	};
	rootObject = 8280F70128DD9C7900010202 /* Project object */;
}
